<Solution>
  <Folder Name="/Pipelines/">
    <File Path=".github/workflows/cd.yaml" />
    <File Path=".github/workflows/ci.yaml" />
  </Folder>
  <Project Path="Plumsy.Tests.SimplePlugin/Plumsy.Tests.SimplePlugin.csproj" />
  <Project Path="Plumsy.Tests/Plumsy.Tests.csproj">
    <BuildDependency Project="Plumsy.Tests.SimplePlugin/Plumsy.Tests.SimplePlugin.csproj" />
  </Project>
  <Project Path="Plumsy/Plumsy.csproj" />
</Solution>
